// !$*UTF8*$!
{
	archiveVersion = 1;
	classes = {
	};
	objectVersion = 46;
	objects = {

/* Begin PBXBuildFile section */
		680A8D6E1D48868B00645C07 /* AppDelegate.swift in Sources */ = {isa = PBXBuildFile; fileRef = 680A8D6D1D48868B00645C07 /* AppDelegate.swift */; };
		680A8D701D48868B00645C07 /* ViewController.swift in Sources */ = {isa = PBXBuildFile; fileRef = 680A8D6F1D48868B00645C07 /* ViewController.swift */; };
		680A8D731D48868B00645C07 /* Main.storyboard in Resources */ = {isa = PBXBuildFile; fileRef = 680A8D711D48868B00645C07 /* Main.storyboard */; };
		680A8D751D48868B00645C07 /* Assets.xcassets in Resources */ = {isa = PBXBuildFile; fileRef = 680A8D741D48868B00645C07 /* Assets.xcassets */; };
		680A8D781D48868B00645C07 /* LaunchScreen.storyboard in Resources */ = {isa = PBXBuildFile; fileRef = 680A8D761D48868B00645C07 /* LaunchScreen.storyboard */; };
		680A8D801D48878D00645C07 /* FlowLayout.swift in Sources */ = {isa = PBXBuildFile; fileRef = 680A8D7F1D48878D00645C07 /* FlowLayout.swift */; };
		680A8D821D4887C000645C07 /* ProfileInterestVC.swift in Sources */ = {isa = PBXBuildFile; fileRef = 680A8D811D4887C000645C07 /* ProfileInterestVC.swift */; };
		680A8D851D4888D300645C07 /* TagCell.xib in Resources */ = {isa = PBXBuildFile; fileRef = 680A8D831D4888D300645C07 /* TagCell.xib */; };
		680A8D861D4888D300645C07 /* TagCell.swift in Sources */ = {isa = PBXBuildFile; fileRef = 680A8D841D4888D300645C07 /* TagCell.swift */; };
/* End PBXBuildFile section */

/* Begin PBXFileReference section */
		680A8D6A1D48868B00645C07 /* TagListWithCollectionView.app */ = {isa = PBXFileReference; explicitFileType = wrapper.application; includeInIndex = 0; path = TagListWithCollectionView.app; sourceTree = BUILT_PRODUCTS_DIR; };
		680A8D6D1D48868B00645C07 /* AppDelegate.swift */ = {isa = PBXFileReference; lastKnownFileType = sourcecode.swift; path = AppDelegate.swift; sourceTree = "<group>"; };
		680A8D6F1D48868B00645C07 /* ViewController.swift */ = {isa = PBXFileReference; lastKnownFileType = sourcecode.swift; path = ViewController.swift; sourceTree = "<group>"; };
		680A8D721D48868B00645C07 /* Base */ = {isa = PBXFileReference; lastKnownFileType = file.storyboard; name = Base; path = Base.lproj/Main.storyboard; sourceTree = "<group>"; };
		680A8D741D48868B00645C07 /* Assets.xcassets */ = {isa = PBXFileReference; lastKnownFileType = folder.assetcatalog; path = Assets.xcassets; sourceTree = "<group>"; };
		680A8D771D48868B00645C07 /* Base */ = {isa = PBXFileReference; lastKnownFileType = file.storyboard; name = Base; path = Base.lproj/LaunchScreen.storyboard; sourceTree = "<group>"; };
		680A8D791D48868B00645C07 /* Info.plist */ = {isa = PBXFileReference; lastKnownFileType = text.plist.xml; path = Info.plist; sourceTree = "<group>"; };
		680A8D7F1D48878D00645C07 /* FlowLayout.swift */ = {isa = PBXFileReference; fileEncoding = 4; lastKnownFileType = sourcecode.swift; path = FlowLayout.swift; sourceTree = "<group>"; };
		680A8D811D4887C000645C07 /* ProfileInterestVC.swift */ = {isa = PBXFileReference; fileEncoding = 4; lastKnownFileType = sourcecode.swift; path = ProfileInterestVC.swift; sourceTree = "<group>"; };
		680A8D831D4888D300645C07 /* TagCell.xib */ = {isa = PBXFileReference; fileEncoding = 4; lastKnownFileType = file.xib; path = TagCell.xib; sourceTree = "<group>"; };
		680A8D841D4888D300645C07 /* TagCell.swift */ = {isa = PBXFileReference; fileEncoding = 4; lastKnownFileType = sourcecode.swift; path = TagCell.swift; sourceTree = "<group>"; };
/* End PBXFileReference section */

/* Begin PBXFrameworksBuildPhase section */
		680A8D671D48868B00645C07 /* Frameworks */ = {
			isa = PBXFrameworksBuildPhase;
			buildActionMask = 2147483647;
			files = (
			);
			runOnlyForDeploymentPostprocessing = 0;
		};
/* End PBXFrameworksBuildPhase section */

/* Begin PBXGroup section */
		680A8D611D48868B00645C07 = {
			isa = PBXGroup;
			children = (
				680A8D6C1D48868B00645C07 /* TagListWithCollectionView */,
				680A8D6B1D48868B00645C07 /* Products */,
			);
			sourceTree = "<group>";
		};
		680A8D6B1D48868B00645C07 /* Products */ = {
			isa = PBXGroup;
			children = (
				680A8D6A1D48868B00645C07 /* TagListWithCollectionView.app */,
			);
			name = Products;
			sourceTree = "<group>";
		};
		680A8D6C1D48868B00645C07 /* TagListWithCollectionView */ = {
			isa = PBXGroup;
			children = (
				680A8D6D1D48868B00645C07 /* AppDelegate.swift */,
				680A8D6F1D48868B00645C07 /* ViewController.swift */,
				680A8D811D4887C000645C07 /* ProfileInterestVC.swift */,
				680A8D7F1D48878D00645C07 /* FlowLayout.swift */,
				680A8D831D4888D300645C07 /* TagCell.xib */,
				680A8D841D4888D300645C07 /* TagCell.swift */,
				680A8D711D48868B00645C07 /* Main.storyboard */,
				680A8D741D48868B00645C07 /* Assets.xcassets */,
				680A8D761D48868B00645C07 /* LaunchScreen.storyboard */,
				680A8D791D48868B00645C07 /* Info.plist */,
			);
			path = TagListWithCollectionView;
			sourceTree = "<group>";
		};
/* End PBXGroup section */

/* Begin PBXNativeTarget section */
		680A8D691D48868B00645C07 /* TagListWithCollectionView */ = {
			isa = PBXNativeTarget;
			buildConfigurationList = 680A8D7C1D48868B00645C07 /* Build configuration list for PBXNativeTarget "TagListWithCollectionView" */;
			buildPhases = (
				680A8D661D48868B00645C07 /* Sources */,
				680A8D671D48868B00645C07 /* Frameworks */,
				680A8D681D48868B00645C07 /* Resources */,
			);
			buildRules = (
			);
			dependencies = (
			);
			name = TagListWithCollectionView;
			productName = TagListWithCollectionView;
			productReference = 680A8D6A1D48868B00645C07 /* TagListWithCollectionView.app */;
			productType = "com.apple.product-type.application";
		};
/* End PBXNativeTarget section */

/* Begin PBXProject section */
		680A8D621D48868B00645C07 /* Project object */ = {
			isa = PBXProject;
			attributes = {
				LastSwiftUpdateCheck = 0730;
				LastUpgradeCheck = 0730;
				ORGANIZATIONNAME = Ambrish;
				TargetAttributes = {
					680A8D691D48868B00645C07 = {
						CreatedOnToolsVersion = 7.3;
					};
				};
			};
			buildConfigurationList = 680A8D651D48868B00645C07 /* Build configuration list for PBXProject "TagListWithCollectionView" */;
			compatibilityVersion = "Xcode 3.2";
			developmentRegion = English;
			hasScannedForEncodings = 0;
			knownRegions = (
				en,
				Base,
			);
			mainGroup = 680A8D611D48868B00645C07;
			productRefGroup = 680A8D6B1D48868B00645C07 /* Products */;
			projectDirPath = "";
			projectRoot = "";
			targets = (
				680A8D691D48868B00645C07 /* TagListWithCollectionView */,
			);
		};
/* End PBXProject section */

/* Begin PBXResourcesBuildPhase section */
		680A8D681D48868B00645C07 /* Resources */ = {
			isa = PBXResourcesBuildPhase;
			buildActionMask = 2147483647;
			files = (
				680A8D851D4888D300645C07 /* TagCell.xib in Resources */,
				680A8D781D48868B00645C07 /* LaunchScreen.storyboard in Resources */,
				680A8D751D48868B00645C07 /* Assets.xcassets in Resources */,
				680A8D731D48868B00645C07 /* Main.storyboard in Resources */,
			);
			runOnlyForDeploymentPostprocessing = 0;
		};
/* End PBXResourcesBuildPhase section */

/* Begin PBXSourcesBuildPhase section */
		680A8D661D48868B00645C07 /* Sources */ = {
			isa = PBXSourcesBuildPhase;
			buildActionMask = 2147483647;
			files = (
				680A8D701D48868B00645C07 /* ViewController.swift in Sources */,
				680A8D801D48878D00645C07 /* FlowLayout.swift in Sources */,
				680A8D861D4888D300645C07 /* TagCell.swift in Sources */,
				680A8D821D4887C000645C07 /* ProfileInterestVC.swift in Sources */,
				680A8D6E1D48868B00645C07 /* AppDelegate.swift in Sources */,
			);
			runOnlyForDeploymentPostprocessing = 0;
		};
/* End PBXSourcesBuildPhase section */

/* Begin PBXVariantGroup section */
		680A8D711D48868B00645C07 /* Main.storyboard */ = {
			isa = PBXVariantGroup;
			children = (
				680A8D721D48868B00645C07 /* Base */,
			);
			name = Main.storyboard;
			sourceTree = "<group>";
		};
		680A8D761D48868B00645C07 /* LaunchScreen.storyboard */ = {
			isa = PBXVariantGroup;
			children = (
				680A8D771D48868B00645C07 /* Base */,
			);
			name = LaunchScreen.storyboard;
			sourceTree = "<group>";
		};
/* End PBXVariantGroup section */

/* Begin XCBuildConfiguration section */
		680A8D7A1D48868B00645C07 /* Debug */ = {
			isa = XCBuildConfiguration;
			buildSettings = {
				ALWAYS_SEARCH_USER_PATHS = NO;
				CLANG_ANALYZER_NONNULL = YES;
				CLANG_CXX_LANGUAGE_STANDARD = "gnu++0x";
				CLANG_CXX_LIBRARY = "libc++";
				CLANG_ENABLE_MODULES = YES;
				CLANG_ENABLE_OBJC_ARC = YES;
				CLANG_WARN_BOOL_CONVERSION = YES;
				CLANG_WARN_CONSTANT_CONVERSION = YES;
				CLANG_WARN_DIRECT_OBJC_ISA_USAGE = YES_ERROR;
				CLANG_WARN_EMPTY_BODY = YES;
				CLANG_WARN_ENUM_CONVERSION = YES;
				CLANG_WARN_INT_CONVERSION = YES;
				CLANG_WARN_OBJC_ROOT_CLASS = YES_ERROR;
				CLANG_WARN_UNREACHABLE_CODE = YES;
				CLANG_WARN__DUPLICATE_METHOD_MATCH = YES;
				"CODE_SIGN_IDENTITY[sdk=iphoneos*]" = "iPhone Developer";
				COPY_PHASE_STRIP = NO;
				DEBUG_INFORMATION_FORMAT = dwarf;
				ENABLE_STRICT_OBJC_MSGSEND = YES;
				ENABLE_TESTABILITY = YES;
				GCC_C_LANGUAGE_STANDARD = gnu99;
				GCC_DYNAMIC_NO_PIC = NO;
				GCC_NO_COMMON_BLOCKS = YES;
				GCC_OPTIMIZATION_LEVEL = 0;
				GCC_PREPROCESSOR_DEFINITIONS = (
					"DEBUG=1",
					"$(inherited)",
				);
				GCC_WARN_64_TO_32_BIT_CONVERSION = YES;
				GCC_WARN_ABOUT_RETURN_TYPE = YES_ERROR;
				GCC_WARN_UNDECLARED_SELECTOR = YES;
				GCC_WARN_UNINITIALIZED_AUTOS = YES_AGGRESSIVE;
				GCC_WARN_UNUSED_FUNCTION = YES;
				GCC_WARN_UNUSED_VARIABLE = YES;
				IPHONEOS_DEPLOYMENT_TARGET = 9.3;
				MTL_ENABLE_DEBUG_INFO = YES;
				ONLY_ACTIVE_ARCH = YES;
				SDKROOT = iphoneos;
				SWIFT_OPTIMIZATION_LEVEL = "-Onone";
			};
			name = Debug;
		};
		680A8D7B1D48868B00645C07 /* Release */ = {
			isa = XCBuildConfiguration;
			buildSettings = {
				ALWAYS_SEARCH_USER_PATHS = NO;
				CLANG_ANALYZER_NONNULL = YES;
				CLANG_CXX_LANGUAGE_STANDARD = "gnu++0x";
				CLANG_CXX_LIBRARY = "libc++";
				CLANG_ENABLE_MODULES = YES;
				CLANG_ENABLE_OBJC_ARC = YES;
				CLANG_WARN_BOOL_CONVERSION = YES;
				CLANG_WARN_CONSTANT_CONVERSION = YES;
				CLANG_WARN_DIRECT_OBJC_ISA_USAGE = YES_ERROR;
				CLANG_WARN_EMPTY_BODY = YES;
				CLANG_WARN_ENUM_CONVERSION = YES;
				CLANG_WARN_INT_CONVERSION = YES;
				CLANG_WARN_OBJC_ROOT_CLASS = YES_ERROR;
				CLANG_WARN_UNREACHABLE_CODE = YES;
				CLANG_WARN__DUPLICATE_METHOD_MATCH = YES;
				"CODE_SIGN_IDENTITY[sdk=iphoneos*]" = "iPhone Developer";
				COPY_PHASE_STRIP = NO;
				DEBUG_INFORMATION_FORMAT = "dwarf-with-dsym";
				ENABLE_NS_ASSERTIONS = NO;
				ENABLE_STRICT_OBJC_MSGSEND = YES;
				GCC_C_LANGUAGE_STANDARD = gnu99;
				GCC_NO_COMMON_BLOCKS = YES;
				GCC_WARN_64_TO_32_BIT_CONVERSION = YES;
				GCC_WARN_ABOUT_RETURN_TYPE = YES_ERROR;
				GCC_WARN_UNDECLARED_SELECTOR = YES;
				GCC_WARN_UNINITIALIZED_AUTOS = YES_AGGRESSIVE;
				GCC_WARN_UNUSED_FUNCTION = YES;
				GCC_WARN_UNUSED_VARIABLE = YES;
				IPHONEOS_DEPLOYMENT_TARGET = 9.3;
				MTL_ENABLE_DEBUG_INFO = NO;
				SDKROOT = iphoneos;
				VALIDATE_PRODUCT = YES;
			};
			name = Release;
		};
		680A8D7D1D48868B00645C07 /* Debug */ = {
			isa = XCBuildConfiguration;
			buildSettings = {
				ASSETCATALOG_COMPILER_APPICON_NAME = AppIcon;
				INFOPLIST_FILE = TagListWithCollectionView/Info.plist;
				LD_RUNPATH_SEARCH_PATHS = "$(inherited) @executable_path/Frameworks";
				PRODUCT_BUNDLE_IDENTIFIER = com.ambrish.TagListWithCollectionView;
				PRODUCT_NAME = "$(TARGET_NAME)";
			};
			name = Debug;
		};
		680A8D7E1D48868B00645C07 /* Release */ = {
			isa = XCBuildConfiguration;
			buildSettings = {
				ASSETCATALOG_COMPILER_APPICON_NAME = AppIcon;
				INFOPLIST_FILE = TagListWithCollectionView/Info.plist;
				LD_RUNPATH_SEARCH_PATHS = "$(inherited) @executable_path/Frameworks";
				PRODUCT_BUNDLE_IDENTIFIER = com.ambrish.TagListWithCollectionView;
				PRODUCT_NAME = "$(TARGET_NAME)";
			};
			name = Release;
		};
/* End XCBuildConfiguration section */

/* Begin XCConfigurationList section */
		680A8D651D48868B00645C07 /* Build configuration list for PBXProject "TagListWithCollectionView" */ = {
			isa = XCConfigurationList;
			buildConfigurations = (
				680A8D7A1D48868B00645C07 /* Debug */,
				680A8D7B1D48868B00645C07 /* Release */,
			);
			defaultConfigurationIsVisible = 0;
			defaultConfigurationName = Release;
		};
		680A8D7C1D48868B00645C07 /* Build configuration list for PBXNativeTarget "TagListWithCollectionView" */ = {
			isa = XCConfigurationList;
			buildConfigurations = (
				680A8D7D1D48868B00645C07 /* Debug */,
				680A8D7E1D48868B00645C07 /* Release */,
			);
			defaultConfigurationIsVisible = 0;
		};
/* End XCConfigurationList section */
	};
	rootObject = 680A8D621D48868B00645C07 /* Project object */;
}
